// !$*UTF8*$!
{
	archiveVersion = 1;
	classes = {
	};
	objectVersion = 50;
	objects = {

/* Begin PBXBuildFile section */
		74A852C3267652D100522ECC /* AppDelegate.swift in Sources */ = {isa = PBXBuildFile; fileRef = 74A852C2267652D100522ECC /* AppDelegate.swift */; };
		74A852C5267652D100522ECC /* SceneDelegate.swift in Sources */ = {isa = PBXBuildFile; fileRef = 74A852C4267652D100522ECC /* SceneDelegate.swift */; };
		74A852C7267652D100522ECC /* ViewController.swift in Sources */ = {isa = PBXBuildFile; fileRef = 74A852C6267652D100522ECC /* ViewController.swift */; };
		74A852CA267652D100522ECC /* Main.storyboard in Resources */ = {isa = PBXBuildFile; fileRef = 74A852C8267652D100522ECC /* Main.storyboard */; };
		74A852CC267652D600522ECC /* Assets.xcassets in Resources */ = {isa = PBXBuildFile; fileRef = 74A852CB267652D600522ECC /* Assets.xcassets */; };
		74A852CF267652D600522ECC /* LaunchScreen.storyboard in Resources */ = {isa = PBXBuildFile; fileRef = 74A852CD267652D600522ECC /* LaunchScreen.storyboard */; };
		74A852DA267652D700522ECC /* PushNotificationServiceTests.swift in Sources */ = {isa = PBXBuildFile; fileRef = 74A852D9267652D700522ECC /* PushNotificationServiceTests.swift */; };
		74A852E5267652D700522ECC /* PushNotificationServiceUITests.swift in Sources */ = {isa = PBXBuildFile; fileRef = 74A852E4267652D700522ECC /* PushNotificationServiceUITests.swift */; };
/* End PBXBuildFile section */

/* Begin PBXContainerItemProxy section */
		74A852D6267652D700522ECC /* PBXContainerItemProxy */ = {
			isa = PBXContainerItemProxy;
			containerPortal = 74A852B7267652D100522ECC /* Project object */;
			proxyType = 1;
			remoteGlobalIDString = 74A852BE267652D100522ECC;
			remoteInfo = PushNotificationService;
		};
		74A852E1267652D700522ECC /* PBXContainerItemProxy */ = {
			isa = PBXContainerItemProxy;
			containerPortal = 74A852B7267652D100522ECC /* Project object */;
			proxyType = 1;
			remoteGlobalIDString = 74A852BE267652D100522ECC;
			remoteInfo = PushNotificationService;
		};
/* End PBXContainerItemProxy section */

/* Begin PBXFileReference section */
		74A852BF267652D100522ECC /* PushNotificationService.app */ = {isa = PBXFileReference; explicitFileType = wrapper.application; includeInIndex = 0; path = PushNotificationService.app; sourceTree = BUILT_PRODUCTS_DIR; };
		74A852C2267652D100522ECC /* AppDelegate.swift */ = {isa = PBXFileReference; lastKnownFileType = sourcecode.swift; path = AppDelegate.swift; sourceTree = "<group>"; };
		74A852C4267652D100522ECC /* SceneDelegate.swift */ = {isa = PBXFileReference; lastKnownFileType = sourcecode.swift; path = SceneDelegate.swift; sourceTree = "<group>"; };
		74A852C6267652D100522ECC /* ViewController.swift */ = {isa = PBXFileReference; lastKnownFileType = sourcecode.swift; path = ViewController.swift; sourceTree = "<group>"; };
		74A852C9267652D100522ECC /* Base */ = {isa = PBXFileReference; lastKnownFileType = file.storyboard; name = Base; path = Base.lproj/Main.storyboard; sourceTree = "<group>"; };
		74A852CB267652D600522ECC /* Assets.xcassets */ = {isa = PBXFileReference; lastKnownFileType = folder.assetcatalog; path = Assets.xcassets; sourceTree = "<group>"; };
		74A852CE267652D600522ECC /* Base */ = {isa = PBXFileReference; lastKnownFileType = file.storyboard; name = Base; path = Base.lproj/LaunchScreen.storyboard; sourceTree = "<group>"; };
		74A852D0267652D600522ECC /* Info.plist */ = {isa = PBXFileReference; lastKnownFileType = text.plist.xml; path = Info.plist; sourceTree = "<group>"; };
		74A852D5267652D700522ECC /* PushNotificationServiceTests.xctest */ = {isa = PBXFileReference; explicitFileType = wrapper.cfbundle; includeInIndex = 0; path = PushNotificationServiceTests.xctest; sourceTree = BUILT_PRODUCTS_DIR; };
		74A852D9267652D700522ECC /* PushNotificationServiceTests.swift */ = {isa = PBXFileReference; lastKnownFileType = sourcecode.swift; path = PushNotificationServiceTests.swift; sourceTree = "<group>"; };
		74A852DB267652D700522ECC /* Info.plist */ = {isa = PBXFileReference; lastKnownFileType = text.plist.xml; path = Info.plist; sourceTree = "<group>"; };
		74A852E0267652D700522ECC /* PushNotificationServiceUITests.xctest */ = {isa = PBXFileReference; explicitFileType = wrapper.cfbundle; includeInIndex = 0; path = PushNotificationServiceUITests.xctest; sourceTree = BUILT_PRODUCTS_DIR; };
		74A852E4267652D700522ECC /* PushNotificationServiceUITests.swift */ = {isa = PBXFileReference; lastKnownFileType = sourcecode.swift; path = PushNotificationServiceUITests.swift; sourceTree = "<group>"; };
		74A852E6267652D700522ECC /* Info.plist */ = {isa = PBXFileReference; lastKnownFileType = text.plist.xml; path = Info.plist; sourceTree = "<group>"; };
/* End PBXFileReference section */

/* Begin PBXFrameworksBuildPhase section */
		74A852BC267652D100522ECC /* Frameworks */ = {
			isa = PBXFrameworksBuildPhase;
			buildActionMask = 2147483647;
			files = (
			);
			runOnlyForDeploymentPostprocessing = 0;
		};
		74A852D2267652D700522ECC /* Frameworks */ = {
			isa = PBXFrameworksBuildPhase;
			buildActionMask = 2147483647;
			files = (
			);
			runOnlyForDeploymentPostprocessing = 0;
		};
		74A852DD267652D700522ECC /* Frameworks */ = {
			isa = PBXFrameworksBuildPhase;
			buildActionMask = 2147483647;
			files = (
			);
			runOnlyForDeploymentPostprocessing = 0;
		};
/* End PBXFrameworksBuildPhase section */

/* Begin PBXGroup section */
		74A852B6267652D100522ECC = {
			isa = PBXGroup;
			children = (
				74A852C1267652D100522ECC /* PushNotificationService */,
				74A852D8267652D700522ECC /* PushNotificationServiceTests */,
				74A852E3267652D700522ECC /* PushNotificationServiceUITests */,
				74A852C0267652D100522ECC /* Products */,
			);
			sourceTree = "<group>";
		};
		74A852C0267652D100522ECC /* Products */ = {
			isa = PBXGroup;
			children = (
				74A852BF267652D100522ECC /* PushNotificationService.app */,
				74A852D5267652D700522ECC /* PushNotificationServiceTests.xctest */,
				74A852E0267652D700522ECC /* PushNotificationServiceUITests.xctest */,
			);
			name = Products;
			sourceTree = "<group>";
		};
		74A852C1267652D100522ECC /* PushNotificationService */ = {
			isa = PBXGroup;
			children = (
				74A852C2267652D100522ECC /* AppDelegate.swift */,
				74A852C4267652D100522ECC /* SceneDelegate.swift */,
				74A852C6267652D100522ECC /* ViewController.swift */,
				74A852C8267652D100522ECC /* Main.storyboard */,
				74A852CB267652D600522ECC /* Assets.xcassets */,
				74A852CD267652D600522ECC /* LaunchScreen.storyboard */,
				74A852D0267652D600522ECC /* Info.plist */,
			);
			path = PushNotificationService;
			sourceTree = "<group>";
		};
		74A852D8267652D700522ECC /* PushNotificationServiceTests */ = {
			isa = PBXGroup;
			children = (
				74A852D9267652D700522ECC /* PushNotificationServiceTests.swift */,
				74A852DB267652D700522ECC /* Info.plist */,
			);
			path = PushNotificationServiceTests;
			sourceTree = "<group>";
		};
		74A852E3267652D700522ECC /* PushNotificationServiceUITests */ = {
			isa = PBXGroup;
			children = (
				74A852E4267652D700522ECC /* PushNotificationServiceUITests.swift */,
				74A852E6267652D700522ECC /* Info.plist */,
			);
			path = PushNotificationServiceUITests;
			sourceTree = "<group>";
		};
/* End PBXGroup section */

/* Begin PBXNativeTarget section */
		74A852BE267652D100522ECC /* PushNotificationService */ = {
			isa = PBXNativeTarget;
			buildConfigurationList = 74A852E9267652D700522ECC /* Build configuration list for PBXNativeTarget "PushNotificationService" */;
			buildPhases = (
				74A852BB267652D100522ECC /* Sources */,
				74A852BC267652D100522ECC /* Frameworks */,
				74A852BD267652D100522ECC /* Resources */,
			);
			buildRules = (
			);
			dependencies = (
			);
			name = PushNotificationService;
			productName = PushNotificationService;
			productReference = 74A852BF267652D100522ECC /* PushNotificationService.app */;
			productType = "com.apple.product-type.application";
		};
		74A852D4267652D700522ECC /* PushNotificationServiceTests */ = {
			isa = PBXNativeTarget;
			buildConfigurationList = 74A852EC267652D700522ECC /* Build configuration list for PBXNativeTarget "PushNotificationServiceTests" */;
			buildPhases = (
				74A852D1267652D700522ECC /* Sources */,
				74A852D2267652D700522ECC /* Frameworks */,
				74A852D3267652D700522ECC /* Resources */,
			);
			buildRules = (
			);
			dependencies = (
				74A852D7267652D700522ECC /* PBXTargetDependency */,
			);
			name = PushNotificationServiceTests;
			productName = PushNotificationServiceTests;
			productReference = 74A852D5267652D700522ECC /* PushNotificationServiceTests.xctest */;
			productType = "com.apple.product-type.bundle.unit-test";
		};
		74A852DF267652D700522ECC /* PushNotificationServiceUITests */ = {
			isa = PBXNativeTarget;
			buildConfigurationList = 74A852EF267652D700522ECC /* Build configuration list for PBXNativeTarget "PushNotificationServiceUITests" */;
			buildPhases = (
				74A852DC267652D700522ECC /* Sources */,
				74A852DD267652D700522ECC /* Frameworks */,
				74A852DE267652D700522ECC /* Resources */,
			);
			buildRules = (
			);
			dependencies = (
				74A852E2267652D700522ECC /* PBXTargetDependency */,
			);
			name = PushNotificationServiceUITests;
			productName = PushNotificationServiceUITests;
			productReference = 74A852E0267652D700522ECC /* PushNotificationServiceUITests.xctest */;
			productType = "com.apple.product-type.bundle.ui-testing";
		};
/* End PBXNativeTarget section */

/* Begin PBXProject section */
		74A852B7267652D100522ECC /* Project object */ = {
			isa = PBXProject;
			attributes = {
				LastSwiftUpdateCheck = 1250;
				LastUpgradeCheck = 1250;
				TargetAttributes = {
					74A852BE267652D100522ECC = {
						CreatedOnToolsVersion = 12.5;
					};
					74A852D4267652D700522ECC = {
						CreatedOnToolsVersion = 12.5;
						TestTargetID = 74A852BE267652D100522ECC;
					};
					74A852DF267652D700522ECC = {
						CreatedOnToolsVersion = 12.5;
						TestTargetID = 74A852BE267652D100522ECC;
					};
				};
			};
			buildConfigurationList = 74A852BA267652D100522ECC /* Build configuration list for PBXProject "PushNotificationService" */;
			compatibilityVersion = "Xcode 9.3";
			developmentRegion = en;
			hasScannedForEncodings = 0;
			knownRegions = (
				en,
				Base,
			);
			mainGroup = 74A852B6267652D100522ECC;
			productRefGroup = 74A852C0267652D100522ECC /* Products */;
			projectDirPath = "";
			projectRoot = "";
			targets = (
				74A852BE267652D100522ECC /* PushNotificationService */,
				74A852D4267652D700522ECC /* PushNotificationServiceTests */,
				74A852DF267652D700522ECC /* PushNotificationServiceUITests */,
			);
		};
/* End PBXProject section */

/* Begin PBXResourcesBuildPhase section */
		74A852BD267652D100522ECC /* Resources */ = {
			isa = PBXResourcesBuildPhase;
			buildActionMask = 2147483647;
			files = (
				74A852CF267652D600522ECC /* LaunchScreen.storyboard in Resources */,
				74A852CC267652D600522ECC /* Assets.xcassets in Resources */,
				74A852CA267652D100522ECC /* Main.storyboard in Resources */,
			);
			runOnlyForDeploymentPostprocessing = 0;
		};
		74A852D3267652D700522ECC /* Resources */ = {
			isa = PBXResourcesBuildPhase;
			buildActionMask = 2147483647;
			files = (
			);
			runOnlyForDeploymentPostprocessing = 0;
		};
		74A852DE267652D700522ECC /* Resources */ = {
			isa = PBXResourcesBuildPhase;
			buildActionMask = 2147483647;
			files = (
			);
			runOnlyForDeploymentPostprocessing = 0;
		};
/* End PBXResourcesBuildPhase section */

/* Begin PBXSourcesBuildPhase section */
		74A852BB267652D100522ECC /* Sources */ = {
			isa = PBXSourcesBuildPhase;
			buildActionMask = 2147483647;
			files = (
				74A852C7267652D100522ECC /* ViewController.swift in Sources */,
				74A852C3267652D100522ECC /* AppDelegate.swift in Sources */,
				74A852C5267652D100522ECC /* SceneDelegate.swift in Sources */,
			);
			runOnlyForDeploymentPostprocessing = 0;
		};
		74A852D1267652D700522ECC /* Sources */ = {
			isa = PBXSourcesBuildPhase;
			buildActionMask = 2147483647;
			files = (
				74A852DA267652D700522ECC /* PushNotificationServiceTests.swift in Sources */,
			);
			runOnlyForDeploymentPostprocessing = 0;
		};
		74A852DC267652D700522ECC /* Sources */ = {
			isa = PBXSourcesBuildPhase;
			buildActionMask = 2147483647;
			files = (
				74A852E5267652D700522ECC /* PushNotificationServiceUITests.swift in Sources */,
			);
			runOnlyForDeploymentPostprocessing = 0;
		};
/* End PBXSourcesBuildPhase section */

/* Begin PBXTargetDependency section */
		74A852D7267652D700522ECC /* PBXTargetDependency */ = {
			isa = PBXTargetDependency;
			target = 74A852BE267652D100522ECC /* PushNotificationService */;
			targetProxy = 74A852D6267652D700522ECC /* PBXContainerItemProxy */;
		};
		74A852E2267652D700522ECC /* PBXTargetDependency */ = {
			isa = PBXTargetDependency;
			target = 74A852BE267652D100522ECC /* PushNotificationService */;
			targetProxy = 74A852E1267652D700522ECC /* PBXContainerItemProxy */;
		};
/* End PBXTargetDependency section */

/* Begin PBXVariantGroup section */
		74A852C8267652D100522ECC /* Main.storyboard */ = {
			isa = PBXVariantGroup;
			children = (
				74A852C9267652D100522ECC /* Base */,
			);
			name = Main.storyboard;
			sourceTree = "<group>";
		};
		74A852CD267652D600522ECC /* LaunchScreen.storyboard */ = {
			isa = PBXVariantGroup;
			children = (
				74A852CE267652D600522ECC /* Base */,
			);
			name = LaunchScreen.storyboard;
			sourceTree = "<group>";
		};
/* End PBXVariantGroup section */

/* Begin XCBuildConfiguration section */
		74A852E7267652D700522ECC /* Debug */ = {
			isa = XCBuildConfiguration;
			buildSettings = {
				ALWAYS_SEARCH_USER_PATHS = NO;
				CLANG_ANALYZER_NONNULL = YES;
				CLANG_ANALYZER_NUMBER_OBJECT_CONVERSION = YES_AGGRESSIVE;
				CLANG_CXX_LANGUAGE_STANDARD = "gnu++14";
				CLANG_CXX_LIBRARY = "libc++";
				CLANG_ENABLE_MODULES = YES;
				CLANG_ENABLE_OBJC_ARC = YES;
				CLANG_ENABLE_OBJC_WEAK = YES;
				CLANG_WARN_BLOCK_CAPTURE_AUTORELEASING = YES;
				CLANG_WARN_BOOL_CONVERSION = YES;
				CLANG_WARN_COMMA = YES;
				CLANG_WARN_CONSTANT_CONVERSION = YES;
				CLANG_WARN_DEPRECATED_OBJC_IMPLEMENTATIONS = YES;
				CLANG_WARN_DIRECT_OBJC_ISA_USAGE = YES_ERROR;
				CLANG_WARN_DOCUMENTATION_COMMENTS = YES;
				CLANG_WARN_EMPTY_BODY = YES;
				CLANG_WARN_ENUM_CONVERSION = YES;
				CLANG_WARN_INFINITE_RECURSION = YES;
				CLANG_WARN_INT_CONVERSION = YES;
				CLANG_WARN_NON_LITERAL_NULL_CONVERSION = YES;
				CLANG_WARN_OBJC_IMPLICIT_RETAIN_SELF = YES;
				CLANG_WARN_OBJC_LITERAL_CONVERSION = YES;
				CLANG_WARN_OBJC_ROOT_CLASS = YES_ERROR;
				CLANG_WARN_QUOTED_INCLUDE_IN_FRAMEWORK_HEADER = YES;
				CLANG_WARN_RANGE_LOOP_ANALYSIS = YES;
				CLANG_WARN_STRICT_PROTOTYPES = YES;
				CLANG_WARN_SUSPICIOUS_MOVE = YES;
				CLANG_WARN_UNGUARDED_AVAILABILITY = YES_AGGRESSIVE;
				CLANG_WARN_UNREACHABLE_CODE = YES;
				CLANG_WARN__DUPLICATE_METHOD_MATCH = YES;
				COPY_PHASE_STRIP = NO;
				DEBUG_INFORMATION_FORMAT = dwarf;
				ENABLE_STRICT_OBJC_MSGSEND = YES;
				ENABLE_TESTABILITY = YES;
				GCC_C_LANGUAGE_STANDARD = gnu11;
				GCC_DYNAMIC_NO_PIC = NO;
				GCC_NO_COMMON_BLOCKS = YES;
				GCC_OPTIMIZATION_LEVEL = 0;
				GCC_PREPROCESSOR_DEFINITIONS = (
					"DEBUG=1",
					"$(inherited)",
				);
				GCC_WARN_64_TO_32_BIT_CONVERSION = YES;
				GCC_WARN_ABOUT_RETURN_TYPE = YES_ERROR;
				GCC_WARN_UNDECLARED_SELECTOR = YES;
				GCC_WARN_UNINITIALIZED_AUTOS = YES_AGGRESSIVE;
				GCC_WARN_UNUSED_FUNCTION = YES;
				GCC_WARN_UNUSED_VARIABLE = YES;
				IPHONEOS_DEPLOYMENT_TARGET = 14.5;
				MTL_ENABLE_DEBUG_INFO = INCLUDE_SOURCE;
				MTL_FAST_MATH = YES;
				ONLY_ACTIVE_ARCH = YES;
				SDKROOT = iphoneos;
				SWIFT_ACTIVE_COMPILATION_CONDITIONS = DEBUG;
				SWIFT_OPTIMIZATION_LEVEL = "-Onone";
			};
			name = Debug;
		};
		74A852E8267652D700522ECC /* Release */ = {
			isa = XCBuildConfiguration;
			buildSettings = {
				ALWAYS_SEARCH_USER_PATHS = NO;
				CLANG_ANALYZER_NONNULL = YES;
				CLANG_ANALYZER_NUMBER_OBJECT_CONVERSION = YES_AGGRESSIVE;
				CLANG_CXX_LANGUAGE_STANDARD = "gnu++14";
				CLANG_CXX_LIBRARY = "libc++";
				CLANG_ENABLE_MODULES = YES;
				CLANG_ENABLE_OBJC_ARC = YES;
				CLANG_ENABLE_OBJC_WEAK = YES;
				CLANG_WARN_BLOCK_CAPTURE_AUTORELEASING = YES;
				CLANG_WARN_BOOL_CONVERSION = YES;
				CLANG_WARN_COMMA = YES;
				CLANG_WARN_CONSTANT_CONVERSION = YES;
				CLANG_WARN_DEPRECATED_OBJC_IMPLEMENTATIONS = YES;
				CLANG_WARN_DIRECT_OBJC_ISA_USAGE = YES_ERROR;
				CLANG_WARN_DOCUMENTATION_COMMENTS = YES;
				CLANG_WARN_EMPTY_BODY = YES;
				CLANG_WARN_ENUM_CONVERSION = YES;
				CLANG_WARN_INFINITE_RECURSION = YES;
				CLANG_WARN_INT_CONVERSION = YES;
				CLANG_WARN_NON_LITERAL_NULL_CONVERSION = YES;
				CLANG_WARN_OBJC_IMPLICIT_RETAIN_SELF = YES;
				CLANG_WARN_OBJC_LITERAL_CONVERSION = YES;
				CLANG_WARN_OBJC_ROOT_CLASS = YES_ERROR;
				CLANG_WARN_QUOTED_INCLUDE_IN_FRAMEWORK_HEADER = YES;
				CLANG_WARN_RANGE_LOOP_ANALYSIS = YES;
				CLANG_WARN_STRICT_PROTOTYPES = YES;
				CLANG_WARN_SUSPICIOUS_MOVE = YES;
				CLANG_WARN_UNGUARDED_AVAILABILITY = YES_AGGRESSIVE;
				CLANG_WARN_UNREACHABLE_CODE = YES;
				CLANG_WARN__DUPLICATE_METHOD_MATCH = YES;
				COPY_PHASE_STRIP = NO;
				DEBUG_INFORMATION_FORMAT = "dwarf-with-dsym";
				ENABLE_NS_ASSERTIONS = NO;
				ENABLE_STRICT_OBJC_MSGSEND = YES;
				GCC_C_LANGUAGE_STANDARD = gnu11;
				GCC_NO_COMMON_BLOCKS = YES;
				GCC_WARN_64_TO_32_BIT_CONVERSION = YES;
				GCC_WARN_ABOUT_RETURN_TYPE = YES_ERROR;
				GCC_WARN_UNDECLARED_SELECTOR = YES;
				GCC_WARN_UNINITIALIZED_AUTOS = YES_AGGRESSIVE;
				GCC_WARN_UNUSED_FUNCTION = YES;
				GCC_WARN_UNUSED_VARIABLE = YES;
				IPHONEOS_DEPLOYMENT_TARGET = 14.5;
				MTL_ENABLE_DEBUG_INFO = NO;
				MTL_FAST_MATH = YES;
				SDKROOT = iphoneos;
				SWIFT_COMPILATION_MODE = wholemodule;
				SWIFT_OPTIMIZATION_LEVEL = "-O";
				VALIDATE_PRODUCT = YES;
			};
			name = Release;
		};
		74A852EA267652D700522ECC /* Debug */ = {
			isa = XCBuildConfiguration;
			buildSettings = {
				ASSETCATALOG_COMPILER_APPICON_NAME = AppIcon;
				ASSETCATALOG_COMPILER_GLOBAL_ACCENT_COLOR_NAME = AccentColor;
				CODE_SIGN_STYLE = Automatic;
				INFOPLIST_FILE = PushNotificationService/Info.plist;
				LD_RUNPATH_SEARCH_PATHS = (
					"$(inherited)",
					"@executable_path/Frameworks",
				);
				PRODUCT_BUNDLE_IDENTIFIER = com.krishna.PushNotificationService;
				PRODUCT_NAME = "$(TARGET_NAME)";
				SWIFT_VERSION = 5.0;
				TARGETED_DEVICE_FAMILY = "1,2";
			};
			name = Debug;
		};
		74A852EB267652D700522ECC /* Release */ = {
			isa = XCBuildConfiguration;
			buildSettings = {
				ASSETCATALOG_COMPILER_APPICON_NAME = AppIcon;
				ASSETCATALOG_COMPILER_GLOBAL_ACCENT_COLOR_NAME = AccentColor;
				CODE_SIGN_STYLE = Automatic;
				INFOPLIST_FILE = PushNotificationService/Info.plist;
				LD_RUNPATH_SEARCH_PATHS = (
					"$(inherited)",
					"@executable_path/Frameworks",
				);
				PRODUCT_BUNDLE_IDENTIFIER = com.krishna.PushNotificationService;
				PRODUCT_NAME = "$(TARGET_NAME)";
				SWIFT_VERSION = 5.0;
				TARGETED_DEVICE_FAMILY = "1,2";
			};
			name = Release;
		};
		74A852ED267652D700522ECC /* Debug */ = {
			isa = XCBuildConfiguration;
			buildSettings = {
				ALWAYS_EMBED_SWIFT_STANDARD_LIBRARIES = YES;
				BUNDLE_LOADER = "$(TEST_HOST)";
				CODE_SIGN_STYLE = Automatic;
				INFOPLIST_FILE = PushNotificationServiceTests/Info.plist;
				IPHONEOS_DEPLOYMENT_TARGET = 14.5;
				LD_RUNPATH_SEARCH_PATHS = (
					"$(inherited)",
					"@executable_path/Frameworks",
					"@loader_path/Frameworks",
				);
				PRODUCT_BUNDLE_IDENTIFIER = com.krishna.PushNotificationServiceTests;
				PRODUCT_NAME = "$(TARGET_NAME)";
				SWIFT_VERSION = 5.0;
				TARGETED_DEVICE_FAMILY = "1,2";
				TEST_HOST = "$(BUILT_PRODUCTS_DIR)/PushNotificationService.app/PushNotificationService";
			};
			name = Debug;
		};
		74A852EE267652D700522ECC /* Release */ = {
			isa = XCBuildConfiguration;
			buildSettings = {
				ALWAYS_EMBED_SWIFT_STANDARD_LIBRARIES = YES;
				BUNDLE_LOADER = "$(TEST_HOST)";
				CODE_SIGN_STYLE = Automatic;
				INFOPLIST_FILE = PushNotificationServiceTests/Info.plist;
				IPHONEOS_DEPLOYMENT_TARGET = 14.5;
				LD_RUNPATH_SEARCH_PATHS = (
					"$(inherited)",
					"@executable_path/Frameworks",
					"@loader_path/Frameworks",
				);
				PRODUCT_BUNDLE_IDENTIFIER = com.krishna.PushNotificationServiceTests;
				PRODUCT_NAME = "$(TARGET_NAME)";
				SWIFT_VERSION = 5.0;
				TARGETED_DEVICE_FAMILY = "1,2";
				TEST_HOST = "$(BUILT_PRODUCTS_DIR)/PushNotificationService.app/PushNotificationService";
			};
			name = Release;
		};
		74A852F0267652D700522ECC /* Debug */ = {
			isa = XCBuildConfiguration;
			buildSettings = {
				ALWAYS_EMBED_SWIFT_STANDARD_LIBRARIES = YES;
				CODE_SIGN_STYLE = Automatic;
				INFOPLIST_FILE = PushNotificationServiceUITests/Info.plist;
				LD_RUNPATH_SEARCH_PATHS = (
					"$(inherited)",
					"@executable_path/Frameworks",
					"@loader_path/Frameworks",
				);
				PRODUCT_BUNDLE_IDENTIFIER = com.krishna.PushNotificationServiceUITests;
				PRODUCT_NAME = "$(TARGET_NAME)";
				SWIFT_VERSION = 5.0;
				TARGETED_DEVICE_FAMILY = "1,2";
				TEST_TARGET_NAME = PushNotificationService;
			};
			name = Debug;
		};
		74A852F1267652D700522ECC /* Release */ = {
			isa = XCBuildConfiguration;
			buildSettings = {
				ALWAYS_EMBED_SWIFT_STANDARD_LIBRARIES = YES;
				CODE_SIGN_STYLE = Automatic;
				INFOPLIST_FILE = PushNotificationServiceUITests/Info.plist;
				LD_RUNPATH_SEARCH_PATHS = (
					"$(inherited)",
					"@executable_path/Frameworks",
					"@loader_path/Frameworks",
				);
				PRODUCT_BUNDLE_IDENTIFIER = com.krishna.PushNotificationServiceUITests;
				PRODUCT_NAME = "$(TARGET_NAME)";
				SWIFT_VERSION = 5.0;
				TARGETED_DEVICE_FAMILY = "1,2";
				TEST_TARGET_NAME = PushNotificationService;
			};
			name = Release;
		};
/* End XCBuildConfiguration section */

/* Begin XCConfigurationList section */
		74A852BA267652D100522ECC /* Build configuration list for PBXProject "PushNotificationService" */ = {
			isa = XCConfigurationList;
			buildConfigurations = (
				74A852E7267652D700522ECC /* Debug */,
				74A852E8267652D700522ECC /* Release */,
			);
			defaultConfigurationIsVisible = 0;
			defaultConfigurationName = Release;
		};
		74A852E9267652D700522ECC /* Build configuration list for PBXNativeTarget "PushNotificationService" */ = {
			isa = XCConfigurationList;
			buildConfigurations = (
				74A852EA267652D700522ECC /* Debug */,
				74A852EB267652D700522ECC /* Release */,
			);
			defaultConfigurationIsVisible = 0;
			defaultConfigurationName = Release;
		};
		74A852EC267652D700522ECC /* Build configuration list for PBXNativeTarget "PushNotificationServiceTests" */ = {
			isa = XCConfigurationList;
			buildConfigurations = (
				74A852ED267652D700522ECC /* Debug */,
				74A852EE267652D700522ECC /* Release */,
			);
			defaultConfigurationIsVisible = 0;
			defaultConfigurationName = Release;
		};
		74A852EF267652D700522ECC /* Build configuration list for PBXNativeTarget "PushNotificationServiceUITests" */ = {
			isa = XCConfigurationList;
			buildConfigurations = (
				74A852F0267652D700522ECC /* Debug */,
				74A852F1267652D700522ECC /* Release */,
			);
			defaultConfigurationIsVisible = 0;
			defaultConfigurationName = Release;
		};
/* End XCConfigurationList section */
	};
	rootObject = 74A852B7267652D100522ECC /* Project object */;
}
